// !$*UTF8*$!
{
	archiveVersion = 1;
	classes = {
	};
	objectVersion = 48;
	objects = {

/* Begin PBXBuildFile section */
		F50E9B5C203DD21C00A52061 /* prehistoric.ttf in Resources */ = {isa = PBXBuildFile; fileRef = F50E9B5B203DD21C00A52061 /* prehistoric.ttf */; };
		F54FB5D5202EF6D000E00C56 /* AppDelegate.swift in Sources */ = {isa = PBXBuildFile; fileRef = F54FB5D4202EF6D000E00C56 /* AppDelegate.swift */; };
		F54FB5D7202EF6D000E00C56 /* ViewController.swift in Sources */ = {isa = PBXBuildFile; fileRef = F54FB5D6202EF6D000E00C56 /* ViewController.swift */; };
		F54FB5DA202EF6D000E00C56 /* Main.storyboard in Resources */ = {isa = PBXBuildFile; fileRef = F54FB5D8202EF6D000E00C56 /* Main.storyboard */; };
		F54FB5DC202EF6D000E00C56 /* Assets.xcassets in Resources */ = {isa = PBXBuildFile; fileRef = F54FB5DB202EF6D000E00C56 /* Assets.xcassets */; };
		F54FB5DF202EF6D000E00C56 /* LaunchScreen.storyboard in Resources */ = {isa = PBXBuildFile; fileRef = F54FB5DD202EF6D000E00C56 /* LaunchScreen.storyboard */; };
		F54FB605202F033B00E00C56 /* 1.wav in Resources */ = {isa = PBXBuildFile; fileRef = F54FB604202F033A00E00C56 /* 1.wav */; };
/* End PBXBuildFile section */

/* Begin PBXContainerItemProxy section */
		F54FB5E6202EF6D000E00C56 /* PBXContainerItemProxy */ = {
			isa = PBXContainerItemProxy;
			containerPortal = F54FB5C9202EF6D000E00C56 /* Project object */;
			proxyType = 1;
			remoteGlobalIDString = F54FB5D0202EF6D000E00C56;
			remoteInfo = memory;
		};
		F54FB5F1202EF6D000E00C56 /* PBXContainerItemProxy */ = {
			isa = PBXContainerItemProxy;
			containerPortal = F54FB5C9202EF6D000E00C56 /* Project object */;
			proxyType = 1;
			remoteGlobalIDString = F54FB5D0202EF6D000E00C56;
			remoteInfo = memory;
		};
/* End PBXContainerItemProxy section */

/* Begin PBXFileReference section */
		F50E9B5B203DD21C00A52061 /* prehistoric.ttf */ = {isa = PBXFileReference; lastKnownFileType = file; path = prehistoric.ttf; sourceTree = "<group>"; };
		F54FB5D1202EF6D000E00C56 /* memory.app */ = {isa = PBXFileReference; explicitFileType = wrapper.application; includeInIndex = 0; path = memory.app; sourceTree = BUILT_PRODUCTS_DIR; };
		F54FB5D4202EF6D000E00C56 /* AppDelegate.swift */ = {isa = PBXFileReference; lastKnownFileType = sourcecode.swift; path = AppDelegate.swift; sourceTree = "<group>"; };
		F54FB5D6202EF6D000E00C56 /* ViewController.swift */ = {isa = PBXFileReference; lastKnownFileType = sourcecode.swift; path = ViewController.swift; sourceTree = "<group>"; };
		F54FB5D9202EF6D000E00C56 /* Base */ = {isa = PBXFileReference; lastKnownFileType = file.storyboard; name = Base; path = Base.lproj/Main.storyboard; sourceTree = "<group>"; };
		F54FB5DB202EF6D000E00C56 /* Assets.xcassets */ = {isa = PBXFileReference; lastKnownFileType = folder.assetcatalog; path = Assets.xcassets; sourceTree = "<group>"; };
		F54FB5DE202EF6D000E00C56 /* Base */ = {isa = PBXFileReference; lastKnownFileType = file.storyboard; name = Base; path = Base.lproj/LaunchScreen.storyboard; sourceTree = "<group>"; };
		F54FB5E0202EF6D000E00C56 /* Info.plist */ = {isa = PBXFileReference; lastKnownFileType = text.plist.xml; path = Info.plist; sourceTree = "<group>"; };
		F54FB5E5202EF6D000E00C56 /* memoryTests.xctest */ = {isa = PBXFileReference; explicitFileType = wrapper.cfbundle; includeInIndex = 0; path = memoryTests.xctest; sourceTree = BUILT_PRODUCTS_DIR; };
		F54FB5F0202EF6D000E00C56 /* memoryUITests.xctest */ = {isa = PBXFileReference; explicitFileType = wrapper.cfbundle; includeInIndex = 0; path = memoryUITests.xctest; sourceTree = BUILT_PRODUCTS_DIR; };
		F54FB604202F033A00E00C56 /* 1.wav */ = {isa = PBXFileReference; lastKnownFileType = audio.wav; path = 1.wav; sourceTree = "<group>"; };
/* End PBXFileReference section */

/* Begin PBXFrameworksBuildPhase section */
		F54FB5CE202EF6D000E00C56 /* Frameworks */ = {
			isa = PBXFrameworksBuildPhase;
			buildActionMask = 2147483647;
			files = (
			);
			runOnlyForDeploymentPostprocessing = 0;
		};
		F54FB5E2202EF6D000E00C56 /* Frameworks */ = {
			isa = PBXFrameworksBuildPhase;
			buildActionMask = 2147483647;
			files = (
			);
			runOnlyForDeploymentPostprocessing = 0;
		};
		F54FB5ED202EF6D000E00C56 /* Frameworks */ = {
			isa = PBXFrameworksBuildPhase;
			buildActionMask = 2147483647;
			files = (
			);
			runOnlyForDeploymentPostprocessing = 0;
		};
/* End PBXFrameworksBuildPhase section */

/* Begin PBXGroup section */
		F54FB5C8202EF6D000E00C56 = {
			isa = PBXGroup;
			children = (
				F54FB5D3202EF6D000E00C56 /* memory */,
				F54FB5D2202EF6D000E00C56 /* Products */,
			);
			sourceTree = "<group>";
		};
		F54FB5D2202EF6D000E00C56 /* Products */ = {
			isa = PBXGroup;
			children = (
				F54FB5D1202EF6D000E00C56 /* memory.app */,
				F54FB5E5202EF6D000E00C56 /* memoryTests.xctest */,
				F54FB5F0202EF6D000E00C56 /* memoryUITests.xctest */,
			);
			name = Products;
			sourceTree = "<group>";
		};
		F54FB5D3202EF6D000E00C56 /* memory */ = {
			isa = PBXGroup;
			children = (
				F50E9B5B203DD21C00A52061 /* prehistoric.ttf */,
				F54FB603202F031500E00C56 /* Sounds */,
				F54FB5D4202EF6D000E00C56 /* AppDelegate.swift */,
				F54FB5D6202EF6D000E00C56 /* ViewController.swift */,
				F54FB5D8202EF6D000E00C56 /* Main.storyboard */,
				F54FB5DB202EF6D000E00C56 /* Assets.xcassets */,
				F54FB5DD202EF6D000E00C56 /* LaunchScreen.storyboard */,
				F54FB5E0202EF6D000E00C56 /* Info.plist */,
			);
			path = memory;
			sourceTree = "<group>";
		};
		F54FB603202F031500E00C56 /* Sounds */ = {
			isa = PBXGroup;
			children = (
				F54FB604202F033A00E00C56 /* 1.wav */,
			);
			path = Sounds;
			sourceTree = "<group>";
		};
/* End PBXGroup section */

/* Begin PBXNativeTarget section */
		F54FB5D0202EF6D000E00C56 /* memory */ = {
			isa = PBXNativeTarget;
			buildConfigurationList = F54FB5F9202EF6D000E00C56 /* Build configuration list for PBXNativeTarget "memory" */;
			buildPhases = (
				F54FB5CD202EF6D000E00C56 /* Sources */,
				F54FB5CE202EF6D000E00C56 /* Frameworks */,
				F54FB5CF202EF6D000E00C56 /* Resources */,
			);
			buildRules = (
			);
			dependencies = (
			);
			name = memory;
			productName = memory;
			productReference = F54FB5D1202EF6D000E00C56 /* memory.app */;
			productType = "com.apple.product-type.application";
		};
		F54FB5E4202EF6D000E00C56 /* memoryTests */ = {
			isa = PBXNativeTarget;
			buildConfigurationList = F54FB5FC202EF6D000E00C56 /* Build configuration list for PBXNativeTarget "memoryTests" */;
			buildPhases = (
				F54FB5E1202EF6D000E00C56 /* Sources */,
				F54FB5E2202EF6D000E00C56 /* Frameworks */,
				F54FB5E3202EF6D000E00C56 /* Resources */,
			);
			buildRules = (
			);
			dependencies = (
				F54FB5E7202EF6D000E00C56 /* PBXTargetDependency */,
			);
			name = memoryTests;
			productName = memoryTests;
			productReference = F54FB5E5202EF6D000E00C56 /* memoryTests.xctest */;
			productType = "com.apple.product-type.bundle.unit-test";
		};
		F54FB5EF202EF6D000E00C56 /* memoryUITests */ = {
			isa = PBXNativeTarget;
			buildConfigurationList = F54FB5FF202EF6D000E00C56 /* Build configuration list for PBXNativeTarget "memoryUITests" */;
			buildPhases = (
				F54FB5EC202EF6D000E00C56 /* Sources */,
				F54FB5ED202EF6D000E00C56 /* Frameworks */,
				F54FB5EE202EF6D000E00C56 /* Resources */,
			);
			buildRules = (
			);
			dependencies = (
				F54FB5F2202EF6D000E00C56 /* PBXTargetDependency */,
			);
			name = memoryUITests;
			productName = memoryUITests;
			productReference = F54FB5F0202EF6D000E00C56 /* memoryUITests.xctest */;
			productType = "com.apple.product-type.bundle.ui-testing";
		};
/* End PBXNativeTarget section */

/* Begin PBXProject section */
		F54FB5C9202EF6D000E00C56 /* Project object */ = {
			isa = PBXProject;
			attributes = {
				LastSwiftUpdateCheck = 0920;
				LastUpgradeCheck = 0920;
				ORGANIZATIONNAME = "Antonio Giaquinto";
				TargetAttributes = {
					F54FB5D0202EF6D000E00C56 = {
						CreatedOnToolsVersion = 9.2;
						ProvisioningStyle = Automatic;
					};
					F54FB5E4202EF6D000E00C56 = {
						CreatedOnToolsVersion = 9.2;
						ProvisioningStyle = Automatic;
						TestTargetID = F54FB5D0202EF6D000E00C56;
					};
					F54FB5EF202EF6D000E00C56 = {
						CreatedOnToolsVersion = 9.2;
						ProvisioningStyle = Automatic;
						TestTargetID = F54FB5D0202EF6D000E00C56;
					};
				};
			};
			buildConfigurationList = F54FB5CC202EF6D000E00C56 /* Build configuration list for PBXProject "memory" */;
			compatibilityVersion = "Xcode 8.0";
			developmentRegion = en;
			hasScannedForEncodings = 0;
			knownRegions = (
				en,
				Base,
			);
			mainGroup = F54FB5C8202EF6D000E00C56;
			productRefGroup = F54FB5D2202EF6D000E00C56 /* Products */;
			projectDirPath = "";
			projectRoot = "";
			targets = (
				F54FB5D0202EF6D000E00C56 /* memory */,
				F54FB5E4202EF6D000E00C56 /* memoryTests */,
				F54FB5EF202EF6D000E00C56 /* memoryUITests */,
			);
		};
/* End PBXProject section */

/* Begin PBXResourcesBuildPhase section */
		F54FB5CF202EF6D000E00C56 /* Resources */ = {
			isa = PBXResourcesBuildPhase;
			buildActionMask = 2147483647;
			files = (
				F54FB5DF202EF6D000E00C56 /* LaunchScreen.storyboard in Resources */,
				F50E9B5C203DD21C00A52061 /* prehistoric.ttf in Resources */,
				F54FB5DC202EF6D000E00C56 /* Assets.xcassets in Resources */,
				F54FB605202F033B00E00C56 /* 1.wav in Resources */,
				F54FB5DA202EF6D000E00C56 /* Main.storyboard in Resources */,
			);
			runOnlyForDeploymentPostprocessing = 0;
		};
		F54FB5E3202EF6D000E00C56 /* Resources */ = {
			isa = PBXResourcesBuildPhase;
			buildActionMask = 2147483647;
			files = (
			);
			runOnlyForDeploymentPostprocessing = 0;
		};
		F54FB5EE202EF6D000E00C56 /* Resources */ = {
			isa = PBXResourcesBuildPhase;
			buildActionMask = 2147483647;
			files = (
			);
			runOnlyForDeploymentPostprocessing = 0;
		};
/* End PBXResourcesBuildPhase section */

/* Begin PBXSourcesBuildPhase section */
		F54FB5CD202EF6D000E00C56 /* Sources */ = {
			isa = PBXSourcesBuildPhase;
			buildActionMask = 2147483647;
			files = (
				F54FB5D7202EF6D000E00C56 /* ViewController.swift in Sources */,
				F54FB5D5202EF6D000E00C56 /* AppDelegate.swift in Sources */,
			);
			runOnlyForDeploymentPostprocessing = 0;
		};
		F54FB5E1202EF6D000E00C56 /* Sources */ = {
			isa = PBXSourcesBuildPhase;
			buildActionMask = 2147483647;
			files = (
			);
			runOnlyForDeploymentPostprocessing = 0;
		};
		F54FB5EC202EF6D000E00C56 /* Sources */ = {
			isa = PBXSourcesBuildPhase;
			buildActionMask = 2147483647;
			files = (
			);
			runOnlyForDeploymentPostprocessing = 0;
		};
/* End PBXSourcesBuildPhase section */

/* Begin PBXTargetDependency section */
		F54FB5E7202EF6D000E00C56 /* PBXTargetDependency */ = {
			isa = PBXTargetDependency;
			target = F54FB5D0202EF6D000E00C56 /* memory */;
			targetProxy = F54FB5E6202EF6D000E00C56 /* PBXContainerItemProxy */;
		};
		F54FB5F2202EF6D000E00C56 /* PBXTargetDependency */ = {
			isa = PBXTargetDependency;
			target = F54FB5D0202EF6D000E00C56 /* memory */;
			targetProxy = F54FB5F1202EF6D000E00C56 /* PBXContainerItemProxy */;
		};
/* End PBXTargetDependency section */

/* Begin PBXVariantGroup section */
		F54FB5D8202EF6D000E00C56 /* Main.storyboard */ = {
			isa = PBXVariantGroup;
			children = (
				F54FB5D9202EF6D000E00C56 /* Base */,
			);
			name = Main.storyboard;
			sourceTree = "<group>";
		};
		F54FB5DD202EF6D000E00C56 /* LaunchScreen.storyboard */ = {
			isa = PBXVariantGroup;
			children = (
				F54FB5DE202EF6D000E00C56 /* Base */,
			);
			name = LaunchScreen.storyboard;
			sourceTree = "<group>";
		};
/* End PBXVariantGroup section */

/* Begin XCBuildConfiguration section */
		F54FB5F7202EF6D000E00C56 /* Debug */ = {
			isa = XCBuildConfiguration;
			buildSettings = {
				ALWAYS_SEARCH_USER_PATHS = NO;
				CLANG_ANALYZER_NONNULL = YES;
				CLANG_ANALYZER_NUMBER_OBJECT_CONVERSION = YES_AGGRESSIVE;
				CLANG_CXX_LANGUAGE_STANDARD = "gnu++14";
				CLANG_CXX_LIBRARY = "libc++";
				CLANG_ENABLE_MODULES = YES;
				CLANG_ENABLE_OBJC_ARC = YES;
				CLANG_WARN_BLOCK_CAPTURE_AUTORELEASING = YES;
				CLANG_WARN_BOOL_CONVERSION = YES;
				CLANG_WARN_COMMA = YES;
				CLANG_WARN_CONSTANT_CONVERSION = YES;
				CLANG_WARN_DIRECT_OBJC_ISA_USAGE = YES_ERROR;
				CLANG_WARN_DOCUMENTATION_COMMENTS = YES;
				CLANG_WARN_EMPTY_BODY = YES;
				CLANG_WARN_ENUM_CONVERSION = YES;
				CLANG_WARN_INFINITE_RECURSION = YES;
				CLANG_WARN_INT_CONVERSION = YES;
				CLANG_WARN_NON_LITERAL_NULL_CONVERSION = YES;
				CLANG_WARN_OBJC_LITERAL_CONVERSION = YES;
				CLANG_WARN_OBJC_ROOT_CLASS = YES_ERROR;
				CLANG_WARN_RANGE_LOOP_ANALYSIS = YES;
				CLANG_WARN_STRICT_PROTOTYPES = YES;
				CLANG_WARN_SUSPICIOUS_MOVE = YES;
				CLANG_WARN_UNGUARDED_AVAILABILITY = YES_AGGRESSIVE;
				CLANG_WARN_UNREACHABLE_CODE = YES;
				CLANG_WARN__DUPLICATE_METHOD_MATCH = YES;
				CODE_SIGN_IDENTITY = "iPhone Developer";
				COPY_PHASE_STRIP = NO;
				DEBUG_INFORMATION_FORMAT = dwarf;
				ENABLE_STRICT_OBJC_MSGSEND = YES;
				ENABLE_TESTABILITY = YES;
				GCC_C_LANGUAGE_STANDARD = gnu11;
				GCC_DYNAMIC_NO_PIC = NO;
				GCC_NO_COMMON_BLOCKS = YES;
				GCC_OPTIMIZATION_LEVEL = 0;
				GCC_PREPROCESSOR_DEFINITIONS = (
					"DEBUG=1",
					"$(inherited)",
				);
				GCC_WARN_64_TO_32_BIT_CONVERSION = YES;
				GCC_WARN_ABOUT_RETURN_TYPE = YES_ERROR;
				GCC_WARN_UNDECLARED_SELECTOR = YES;
				GCC_WARN_UNINITIALIZED_AUTOS = YES_AGGRESSIVE;
				GCC_WARN_UNUSED_FUNCTION = YES;
				GCC_WARN_UNUSED_VARIABLE = YES;
				IPHONEOS_DEPLOYMENT_TARGET = 11.2;
				MTL_ENABLE_DEBUG_INFO = YES;
				ONLY_ACTIVE_ARCH = YES;
				SDKROOT = iphoneos;
				SWIFT_ACTIVE_COMPILATION_CONDITIONS = DEBUG;
				SWIFT_OPTIMIZATION_LEVEL = "-Onone";
			};
			name = Debug;
		};
		F54FB5F8202EF6D000E00C56 /* Release */ = {
			isa = XCBuildConfiguration;
			buildSettings = {
				ALWAYS_SEARCH_USER_PATHS = NO;
				CLANG_ANALYZER_NONNULL = YES;
				CLANG_ANALYZER_NUMBER_OBJECT_CONVERSION = YES_AGGRESSIVE;
				CLANG_CXX_LANGUAGE_STANDARD = "gnu++14";
				CLANG_CXX_LIBRARY = "libc++";
				CLANG_ENABLE_MODULES = YES;
				CLANG_ENABLE_OBJC_ARC = YES;
				CLANG_WARN_BLOCK_CAPTURE_AUTORELEASING = YES;
				CLANG_WARN_BOOL_CONVERSION = YES;
				CLANG_WARN_COMMA = YES;
				CLANG_WARN_CONSTANT_CONVERSION = YES;
				CLANG_WARN_DIRECT_OBJC_ISA_USAGE = YES_ERROR;
				CLANG_WARN_DOCUMENTATION_COMMENTS = YES;
				CLANG_WARN_EMPTY_BODY = YES;
				CLANG_WARN_ENUM_CONVERSION = YES;
				CLANG_WARN_INFINITE_RECURSION = YES;
				CLANG_WARN_INT_CONVERSION = YES;
				CLANG_WARN_NON_LITERAL_NULL_CONVERSION = YES;
				CLANG_WARN_OBJC_LITERAL_CONVERSION = YES;
				CLANG_WARN_OBJC_ROOT_CLASS = YES_ERROR;
				CLANG_WARN_RANGE_LOOP_ANALYSIS = YES;
				CLANG_WARN_STRICT_PROTOTYPES = YES;
				CLANG_WARN_SUSPICIOUS_MOVE = YES;
				CLANG_WARN_UNGUARDED_AVAILABILITY = YES_AGGRESSIVE;
				CLANG_WARN_UNREACHABLE_CODE = YES;
				CLANG_WARN__DUPLICATE_METHOD_MATCH = YES;
				CODE_SIGN_IDENTITY = "iPhone Developer";
				COPY_PHASE_STRIP = NO;
				DEBUG_INFORMATION_FORMAT = "dwarf-with-dsym";
				ENABLE_NS_ASSERTIONS = NO;
				ENABLE_STRICT_OBJC_MSGSEND = YES;
				GCC_C_LANGUAGE_STANDARD = gnu11;
				GCC_NO_COMMON_BLOCKS = YES;
				GCC_WARN_64_TO_32_BIT_CONVERSION = YES;
				GCC_WARN_ABOUT_RETURN_TYPE = YES_ERROR;
				GCC_WARN_UNDECLARED_SELECTOR = YES;
				GCC_WARN_UNINITIALIZED_AUTOS = YES_AGGRESSIVE;
				GCC_WARN_UNUSED_FUNCTION = YES;
				GCC_WARN_UNUSED_VARIABLE = YES;
				IPHONEOS_DEPLOYMENT_TARGET = 11.2;
				MTL_ENABLE_DEBUG_INFO = NO;
				SDKROOT = iphoneos;
				SWIFT_OPTIMIZATION_LEVEL = "-Owholemodule";
				VALIDATE_PRODUCT = YES;
			};
			name = Release;
		};
		F54FB5FA202EF6D000E00C56 /* Debug */ = {
			isa = XCBuildConfiguration;
			buildSettings = {
				ASSETCATALOG_COMPILER_APPICON_NAME = AppIcon;
				CODE_SIGN_STYLE = Automatic;
				DEVELOPMENT_TEAM = 37V3WA9RMD;
				INFOPLIST_FILE = memory/Info.plist;
				LD_RUNPATH_SEARCH_PATHS = "$(inherited) @executable_path/Frameworks";
				PRODUCT_BUNDLE_IDENTIFIER = KnightClub.memory;
				PRODUCT_NAME = "$(TARGET_NAME)";
				SWIFT_VERSION = 4.0;
				TARGETED_DEVICE_FAMILY = "1,2";
			};
			name = Debug;
		};
		F54FB5FB202EF6D000E00C56 /* Release */ = {
			isa = XCBuildConfiguration;
			buildSettings = {
				ASSETCATALOG_COMPILER_APPICON_NAME = AppIcon;
				CODE_SIGN_STYLE = Automatic;
				DEVELOPMENT_TEAM = 37V3WA9RMD;
				INFOPLIST_FILE = memory/Info.plist;
				LD_RUNPATH_SEARCH_PATHS = "$(inherited) @executable_path/Frameworks";
				PRODUCT_BUNDLE_IDENTIFIER = KnightClub.memory;
				PRODUCT_NAME = "$(TARGET_NAME)";
				SWIFT_VERSION = 4.0;
				TARGETED_DEVICE_FAMILY = "1,2";
			};
			name = Release;
		};
		F54FB5FD202EF6D000E00C56 /* Debug */ = {
			isa = XCBuildConfiguration;
			buildSettings = {
				ALWAYS_EMBED_SWIFT_STANDARD_LIBRARIES = YES;
				BUNDLE_LOADER = "$(TEST_HOST)";
				CODE_SIGN_STYLE = Automatic;
				DEVELOPMENT_TEAM = 37V3WA9RMD;
				INFOPLIST_FILE = memoryTests/Info.plist;
				LD_RUNPATH_SEARCH_PATHS = "$(inherited) @executable_path/Frameworks @loader_path/Frameworks";
				PRODUCT_BUNDLE_IDENTIFIER = KnightClub.memoryTests;
				PRODUCT_NAME = "$(TARGET_NAME)";
				SWIFT_VERSION = 4.0;
				TARGETED_DEVICE_FAMILY = "1,2";
				TEST_HOST = "$(BUILT_PRODUCTS_DIR)/memory.app/memory";
			};
			name = Debug;
		};
		F54FB5FE202EF6D000E00C56 /* Release */ = {
			isa = XCBuildConfiguration;
			buildSettings = {
				ALWAYS_EMBED_SWIFT_STANDARD_LIBRARIES = YES;
				BUNDLE_LOADER = "$(TEST_HOST)";
				CODE_SIGN_STYLE = Automatic;
				DEVELOPMENT_TEAM = 37V3WA9RMD;
				INFOPLIST_FILE = memoryTests/Info.plist;
				LD_RUNPATH_SEARCH_PATHS = "$(inherited) @executable_path/Frameworks @loader_path/Frameworks";
				PRODUCT_BUNDLE_IDENTIFIER = KnightClub.memoryTests;
				PRODUCT_NAME = "$(TARGET_NAME)";
				SWIFT_VERSION = 4.0;
				TARGETED_DEVICE_FAMILY = "1,2";
				TEST_HOST = "$(BUILT_PRODUCTS_DIR)/memory.app/memory";
			};
			name = Release;
		};
		F54FB600202EF6D000E00C56 /* Debug */ = {
			isa = XCBuildConfiguration;
			buildSettings = {
				ALWAYS_EMBED_SWIFT_STANDARD_LIBRARIES = YES;
				CODE_SIGN_STYLE = Automatic;
				DEVELOPMENT_TEAM = 37V3WA9RMD;
				INFOPLIST_FILE = memoryUITests/Info.plist;
				LD_RUNPATH_SEARCH_PATHS = "$(inherited) @executable_path/Frameworks @loader_path/Frameworks";
				PRODUCT_BUNDLE_IDENTIFIER = KnightClub.memoryUITests;
				PRODUCT_NAME = "$(TARGET_NAME)";
				SWIFT_VERSION = 4.0;
				TARGETED_DEVICE_FAMILY = "1,2";
				TEST_TARGET_NAME = memory;
			};
			name = Debug;
		};
		F54FB601202EF6D000E00C56 /* Release */ = {
			isa = XCBuildConfiguration;
			buildSettings = {
				ALWAYS_EMBED_SWIFT_STANDARD_LIBRARIES = YES;
				CODE_SIGN_STYLE = Automatic;
				DEVELOPMENT_TEAM = 37V3WA9RMD;
				INFOPLIST_FILE = memoryUITests/Info.plist;
				LD_RUNPATH_SEARCH_PATHS = "$(inherited) @executable_path/Frameworks @loader_path/Frameworks";
				PRODUCT_BUNDLE_IDENTIFIER = KnightClub.memoryUITests;
				PRODUCT_NAME = "$(TARGET_NAME)";
				SWIFT_VERSION = 4.0;
				TARGETED_DEVICE_FAMILY = "1,2";
				TEST_TARGET_NAME = memory;
			};
			name = Release;
		};
/* End XCBuildConfiguration section */

/* Begin XCConfigurationList section */
		F54FB5CC202EF6D000E00C56 /* Build configuration list for PBXProject "memory" */ = {
			isa = XCConfigurationList;
			buildConfigurations = (
				F54FB5F7202EF6D000E00C56 /* Debug */,
				F54FB5F8202EF6D000E00C56 /* Release */,
			);
			defaultConfigurationIsVisible = 0;
			defaultConfigurationName = Release;
		};
		F54FB5F9202EF6D000E00C56 /* Build configuration list for PBXNativeTarget "memory" */ = {
			isa = XCConfigurationList;
			buildConfigurations = (
				F54FB5FA202EF6D000E00C56 /* Debug */,
				F54FB5FB202EF6D000E00C56 /* Release */,
			);
			defaultConfigurationIsVisible = 0;
			defaultConfigurationName = Release;
		};
		F54FB5FC202EF6D000E00C56 /* Build configuration list for PBXNativeTarget "memoryTests" */ = {
			isa = XCConfigurationList;
			buildConfigurations = (
				F54FB5FD202EF6D000E00C56 /* Debug */,
				F54FB5FE202EF6D000E00C56 /* Release */,
			);
			defaultConfigurationIsVisible = 0;
			defaultConfigurationName = Release;
		};
		F54FB5FF202EF6D000E00C56 /* Build configuration list for PBXNativeTarget "memoryUITests" */ = {
			isa = XCConfigurationList;
			buildConfigurations = (
				F54FB600202EF6D000E00C56 /* Debug */,
				F54FB601202EF6D000E00C56 /* Release */,
			);
			defaultConfigurationIsVisible = 0;
			defaultConfigurationName = Release;
		};
/* End XCConfigurationList section */
	};
	rootObject = F54FB5C9202EF6D000E00C56 /* Project object */;
}
